{
    "_readme": [
        "This file locks the dependencies of your project to a known state",
        "Read more about it at https://getcomposer.org/doc/01-basic-usage.md#installing-dependencies",
        "This file is @generated automatically"
    ],
    "content-hash": "574cb721c123c10b1496f1b0a51ee317",
    "packages": [
        {
            "name": "proteusthemes/wp-content-importer-v2",
            "version": "v2.1.0",
            "source": {
                "type": "git",
                "url": "https://github.com/proteusthemes/WordPress-Importer.git",
                "reference": "7414ce1bfb56a8be780c520ed63e99cac7ac403b"
            },
            "dist": {
                "type": "zip",
                "url": "https://api.github.com/repos/proteusthemes/WordPress-Importer/zipball/7414ce1bfb56a8be780c520ed63e99cac7ac403b",
                "reference": "7414ce1bfb56a8be780c520ed63e99cac7ac403b",
                "shasum": ""
            },
            "type": "library",
            "autoload": {
                "psr-4": {
                    "ProteusThemes\\WPContentImporter2\\": "src/"
                }
            },
            "notification-url": "https://packagist.org/downloads/",
            "license": [
                "GPL-2.0+"
            ],
            "authors": [
                {
                    "name": "Primoz Cigler",
                    "email": "primoz@proteusnet.com"
                },
                {
                    "name": "Gregor Capuder",
                    "email": "capuderg@gmail.com"
                },
                {
                    "name": "Humanmade contributors",
                    "homepage": "https://github.com/humanmade/WordPress-Importer/graphs/contributors"
                }
            ],
            "description": "Improved WP content importer used in OCDI plugin and MerlinWP.",
            "keywords": [
                "content",
                "import",
                "proteusthemes",
                "theme",
                "wordpress",
                "wp"
            ],
            "support": {
                "source": "https://github.com/proteusthemes/WordPress-Importer/tree/v2.1.0"
            },
            "time": "2018-04-13T07:31:18+00:00"
        }
    ],
    "packages-dev": [],
    "aliases": [],
    "minimum-stability": "stable",
    "stability-flags": [],
    "prefer-stable": false,
    "prefer-lowest": false,
    "platform": {
        "php": ">=5.6"
    },
    "platform-dev": [],
    "plugin-api-version": "2.1.0"
}
